// !$*UTF8*$!
{
	archiveVersion = 1;
	classes = {
	};
	objectVersion = 46;
	objects = {

/* Begin PBXBuildFile section */
		07D5621E1C1164E400004051 /* main.m in Sources */ = {isa = PBXBuildFile; fileRef = 07D5621D1C1164E400004051 /* main.m */; };
		07D562211C1164E400004051 /* AppDelegate.m in Sources */ = {isa = PBXBuildFile; fileRef = 07D562201C1164E400004051 /* AppDelegate.m */; };
		07D562291C1164E400004051 /* Assets.xcassets in Resources */ = {isa = PBXBuildFile; fileRef = 07D562281C1164E400004051 /* Assets.xcassets */; };
		07D5622C1C1164E400004051 /* LaunchScreen.storyboard in Resources */ = {isa = PBXBuildFile; fileRef = 07D5622A1C1164E400004051 /* LaunchScreen.storyboard */; };
/* End PBXBuildFile section */

/* Begin PBXFileReference section */
		07D562191C1164E400004051 /* MyBikeTo.app */ = {isa = PBXFileReference; explicitFileType = wrapper.application; includeInIndex = 0; path = MyBikeTo.app; sourceTree = BUILT_PRODUCTS_DIR; };
		07D5621D1C1164E400004051 /* main.m */ = {isa = PBXFileReference; lastKnownFileType = sourcecode.c.objc; path = main.m; sourceTree = "<group>"; };
		07D5621F1C1164E400004051 /* AppDelegate.h */ = {isa = PBXFileReference; lastKnownFileType = sourcecode.c.h; path = AppDelegate.h; sourceTree = "<group>"; };
		07D562201C1164E400004051 /* AppDelegate.m */ = {isa = PBXFileReference; lastKnownFileType = sourcecode.c.objc; path = AppDelegate.m; sourceTree = "<group>"; };
		07D562281C1164E400004051 /* Assets.xcassets */ = {isa = PBXFileReference; lastKnownFileType = folder.assetcatalog; path = Assets.xcassets; sourceTree = "<group>"; };
		07D5622B1C1164E400004051 /* Base */ = {isa = PBXFileReference; lastKnownFileType = file.storyboard; name = Base; path = Base.lproj/LaunchScreen.storyboard; sourceTree = "<group>"; };
		07D5622D1C1164E400004051 /* Info.plist */ = {isa = PBXFileReference; lastKnownFileType = text.plist.xml; path = Info.plist; sourceTree = "<group>"; };
/* End PBXFileReference section */

/* Begin PBXFrameworksBuildPhase section */
		07D562161C1164E400004051 /* Frameworks */ = {
			isa = PBXFrameworksBuildPhase;
			buildActionMask = 2147483647;
			files = (
			);
			runOnlyForDeploymentPostprocessing = 0;
		};
/* End PBXFrameworksBuildPhase section */

/* Begin PBXGroup section */
		07D562101C1164E400004051 = {
			isa = PBXGroup;
			children = (
				07D5621B1C1164E400004051 /* MyBikeTo */,
				07D5621A1C1164E400004051 /* Products */,
			);
			sourceTree = "<group>";
		};
		07D5621A1C1164E400004051 /* Products */ = {
			isa = PBXGroup;
			children = (
				07D562191C1164E400004051 /* MyBikeTo.app */,
			);
			name = Products;
			sourceTree = "<group>";
		};
		07D5621B1C1164E400004051 /* MyBikeTo */ = {
			isa = PBXGroup;
			children = (
				07D5621C1C1164E400004051 /* Supporting Files */,
			);
			path = MyBikeTo;
			sourceTree = "<group>";
		};
		07D5621C1C1164E400004051 /* Supporting Files */ = {
			isa = PBXGroup;
			children = (
				07D5621F1C1164E400004051 /* AppDelegate.h */,
				07D562201C1164E400004051 /* AppDelegate.m */,
				07D562281C1164E400004051 /* Assets.xcassets */,
				07D5622A1C1164E400004051 /* LaunchScreen.storyboard */,
				07D5622D1C1164E400004051 /* Info.plist */,
				07D5621D1C1164E400004051 /* main.m */,
			);
			name = "Supporting Files";
			sourceTree = "<group>";
		};
/* End PBXGroup section */

/* Begin PBXNativeTarget section */
		07D562181C1164E400004051 /* MyBikeTo */ = {
			isa = PBXNativeTarget;
			buildConfigurationList = 07D562301C1164E400004051 /* Build configuration list for PBXNativeTarget "MyBikeTo" */;
			buildPhases = (
				07D562151C1164E400004051 /* Sources */,
				07D562161C1164E400004051 /* Frameworks */,
				07D562171C1164E400004051 /* Resources */,
			);
			buildRules = (
			);
			dependencies = (
			);
			name = MyBikeTo;
			productName = MyBikeTo;
			productReference = 07D562191C1164E400004051 /* MyBikeTo.app */;
			productType = "com.apple.product-type.application";
		};
/* End PBXNativeTarget section */

/* Begin PBXProject section */
		07D562111C1164E400004051 /* Project object */ = {
			isa = PBXProject;
			attributes = {
				LastUpgradeCheck = 0710;
				ORGANIZATIONNAME = Snail;
				TargetAttributes = {
					07D562181C1164E400004051 = {
						CreatedOnToolsVersion = 7.1.1;
					};
				};
			};
			buildConfigurationList = 07D562141C1164E400004051 /* Build configuration list for PBXProject "MyBikeTo" */;
			compatibilityVersion = "Xcode 3.2";
			developmentRegion = English;
			hasScannedForEncodings = 0;
			knownRegions = (
				en,
				Base,
			);
			mainGroup = 07D562101C1164E400004051;
			productRefGroup = 07D5621A1C1164E400004051 /* Products */;
			projectDirPath = "";
			projectRoot = "";
			targets = (
				07D562181C1164E400004051 /* MyBikeTo */,
			);
		};
/* End PBXProject section */

/* Begin PBXResourcesBuildPhase section */
		07D562171C1164E400004051 /* Resources */ = {
			isa = PBXResourcesBuildPhase;
			buildActionMask = 2147483647;
			files = (
				07D5622C1C1164E400004051 /* LaunchScreen.storyboard in Resources */,
				07D562291C1164E400004051 /* Assets.xcassets in Resources */,
			);
			runOnlyForDeploymentPostprocessing = 0;
		};
/* End PBXResourcesBuildPhase section */

/* Begin PBXSourcesBuildPhase section */
		07D562151C1164E400004051 /* Sources */ = {
			isa = PBXSourcesBuildPhase;
			buildActionMask = 2147483647;
			files = (
				07D562211C1164E400004051 /* AppDelegate.m in Sources */,
				07D5621E1C1164E400004051 /* main.m in Sources */,
			);
			runOnlyForDeploymentPostprocessing = 0;
		};
/* End PBXSourcesBuildPhase section */

/* Begin PBXVariantGroup section */
		07D5622A1C1164E400004051 /* LaunchScreen.storyboard */ = {
			isa = PBXVariantGroup;
			children = (
				07D5622B1C1164E400004051 /* Base */,
			);
			name = LaunchScreen.storyboard;
			sourceTree = "<group>";
		};
/* End PBXVariantGroup section */

/* Begin XCBuildConfiguration section */
		07D5622E1C1164E400004051 /* Debug */ = {
			isa = XCBuildConfiguration;
			buildSettings = {
				ALWAYS_SEARCH_USER_PATHS = NO;
				CLANG_CXX_LANGUAGE_STANDARD = "gnu++0x";
				CLANG_CXX_LIBRARY = "libc++";
				CLANG_ENABLE_MODULES = YES;
				CLANG_ENABLE_OBJC_ARC = YES;
				CLANG_WARN_BOOL_CONVERSION = YES;
				CLANG_WARN_CONSTANT_CONVERSION = YES;
				CLANG_WARN_DIRECT_OBJC_ISA_USAGE = YES_ERROR;
				CLANG_WARN_EMPTY_BODY = YES;
				CLANG_WARN_ENUM_CONVERSION = YES;
				CLANG_WARN_INT_CONVERSION = YES;
				CLANG_WARN_OBJC_ROOT_CLASS = YES_ERROR;
				CLANG_WARN_UNREACHABLE_CODE = YES;
				CLANG_WARN__DUPLICATE_METHOD_MATCH = YES;
				"CODE_SIGN_IDENTITY[sdk=iphoneos*]" = "iPhone Developer";
				COPY_PHASE_STRIP = NO;
				DEBUG_INFORMATION_FORMAT = dwarf;
				ENABLE_STRICT_OBJC_MSGSEND = YES;
				ENABLE_TESTABILITY = YES;
				GCC_C_LANGUAGE_STANDARD = gnu99;
				GCC_DYNAMIC_NO_PIC = NO;
				GCC_NO_COMMON_BLOCKS = YES;
				GCC_OPTIMIZATION_LEVEL = 0;
				GCC_PREPROCESSOR_DEFINITIONS = (
					"DEBUG=1",
					"$(inherited)",
				);
				GCC_WARN_64_TO_32_BIT_CONVERSION = YES;
				GCC_WARN_ABOUT_RETURN_TYPE = YES_ERROR;
				GCC_WARN_UNDECLARED_SELECTOR = YES;
				GCC_WARN_UNINITIALIZED_AUTOS = YES_AGGRESSIVE;
				GCC_WARN_UNUSED_FUNCTION = YES;
				GCC_WARN_UNUSED_VARIABLE = YES;
				IPHONEOS_DEPLOYMENT_TARGET = 9.1;
				MTL_ENABLE_DEBUG_INFO = YES;
				ONLY_ACTIVE_ARCH = YES;
				SDKROOT = iphoneos;
			};
			name = Debug;
		};
		07D5622F1C1164E400004051 /* Release */ = {
			isa = XCBuildConfiguration;
			buildSettings = {
				ALWAYS_SEARCH_USER_PATHS = NO;
				CLANG_CXX_LANGUAGE_STANDARD = "gnu++0x";
				CLANG_CXX_LIBRARY = "libc++";
				CLANG_ENABLE_MODULES = YES;
				CLANG_ENABLE_OBJC_ARC = YES;
				CLANG_WARN_BOOL_CONVERSION = YES;
				CLANG_WARN_CONSTANT_CONVERSION = YES;
				CLANG_WARN_DIRECT_OBJC_ISA_USAGE = YES_ERROR;
				CLANG_WARN_EMPTY_BODY = YES;
				CLANG_WARN_ENUM_CONVERSION = YES;
				CLANG_WARN_INT_CONVERSION = YES;
				CLANG_WARN_OBJC_ROOT_CLASS = YES_ERROR;
				CLANG_WARN_UNREACHABLE_CODE = YES;
				CLANG_WARN__DUPLICATE_METHOD_MATCH = YES;
				"CODE_SIGN_IDENTITY[sdk=iphoneos*]" = "iPhone Developer";
				COPY_PHASE_STRIP = NO;
				DEBUG_INFORMATION_FORMAT = "dwarf-with-dsym";
				ENABLE_NS_ASSERTIONS = NO;
				ENABLE_STRICT_OBJC_MSGSEND = YES;
				GCC_C_LANGUAGE_STANDARD = gnu99;
				GCC_NO_COMMON_BLOCKS = YES;
				GCC_WARN_64_TO_32_BIT_CONVERSION = YES;
				GCC_WARN_ABOUT_RETURN_TYPE = YES_ERROR;
				GCC_WARN_UNDECLARED_SELECTOR = YES;
				GCC_WARN_UNINITIALIZED_AUTOS = YES_AGGRESSIVE;
				GCC_WARN_UNUSED_FUNCTION = YES;
				GCC_WARN_UNUSED_VARIABLE = YES;
				IPHONEOS_DEPLOYMENT_TARGET = 9.1;
				MTL_ENABLE_DEBUG_INFO = NO;
				SDKROOT = iphoneos;
				VALIDATE_PRODUCT = YES;
			};
			name = Release;
		};
		07D562311C1164E400004051 /* Debug */ = {
			isa = XCBuildConfiguration;
			buildSettings = {
				ASSETCATALOG_COMPILER_APPICON_NAME = AppIcon;
				INFOPLIST_FILE = MyBikeTo/Info.plist;
				LD_RUNPATH_SEARCH_PATHS = "$(inherited) @executable_path/Frameworks";
				PRODUCT_BUNDLE_IDENTIFIER = com.rensnail.MyBikeTo;
				PRODUCT_NAME = "$(TARGET_NAME)";
			};
			name = Debug;
		};
		07D562321C1164E400004051 /* Release */ = {
			isa = XCBuildConfiguration;
			buildSettings = {
				ASSETCATALOG_COMPILER_APPICON_NAME = AppIcon;
				INFOPLIST_FILE = MyBikeTo/Info.plist;
				LD_RUNPATH_SEARCH_PATHS = "$(inherited) @executable_path/Frameworks";
				PRODUCT_BUNDLE_IDENTIFIER = com.rensnail.MyBikeTo;
				PRODUCT_NAME = "$(TARGET_NAME)";
			};
			name = Release;
		};
/* End XCBuildConfiguration section */

/* Begin XCConfigurationList section */
		07D562141C1164E400004051 /* Build configuration list for PBXProject "MyBikeTo" */ = {
			isa = XCConfigurationList;
			buildConfigurations = (
				07D5622E1C1164E400004051 /* Debug */,
				07D5622F1C1164E400004051 /* Release */,
			);
			defaultConfigurationIsVisible = 0;
			defaultConfigurationName = Release;
		};
		07D562301C1164E400004051 /* Build configuration list for PBXNativeTarget "MyBikeTo" */ = {
			isa = XCConfigurationList;
			buildConfigurations = (
				07D562311C1164E400004051 /* Debug */,
				07D562321C1164E400004051 /* Release */,
			);
			defaultConfigurationIsVisible = 0;
		};
/* End XCConfigurationList section */
	};
	rootObject = 07D562111C1164E400004051 /* Project object */;
}
